Microsoft Visual Studio Solution File, Format Version 12.00
# Visual Studio Version 17
VisualStudioVersion = 17.5.2.0
MinimumVisualStudioVersion = 10.0.40219.1
Project("{FAE04EC0-301F-11D3-BF4B-00C04F79EFBC}") = "TranslationToolUI", "TranslationToolUI.csproj", "{5DB1ABD9-43A6-AA90-8186-F77EAEFB597B}"
EndProject
Global
	GlobalSection(SolutionConfigurationPlatforms) = preSolution
		Debug|Any CPU = Debug|Any CPU
		Release|Any CPU = Release|Any CPU
	EndGlobalSection
	GlobalSection(ProjectConfigurationPlatforms) = postSolution
		{5DB1ABD9-43A6-AA90-8186-F77EAEFB597B}.Debug|Any CPU.ActiveCfg = Debug|Any CPU
		{5DB1ABD9-43A6-AA90-8186-F77EAEFB597B}.Debug|Any CPU.Build.0 = Debug|Any CPU
		{5DB1ABD9-43A6-AA90-8186-F77EAEFB597B}.Release|Any CPU.ActiveCfg = Release|Any CPU
		{5DB1ABD9-43A6-AA90-8186-F77EAEFB597B}.Release|Any CPU.Build.0 = Release|Any CPU
	EndGlobalSection
	GlobalSection(SolutionProperties) = preSolution
		HideSolutionNode = FALSE
	EndGlobalSection
	GlobalSection(ExtensibilityGlobals) = postSolution
		SolutionGuid = {6BF63EEE-B2B6-40E3-9D35-F7BA86CCD042}
	EndGlobalSection
EndGlobal
